// !$*UTF8*$!
{
	archiveVersion = 1;
	classes = {
	};
	objectVersion = 56;
	objects = {

/* Begin PBXBuildFile section */
		8D21C60C2B65D2B20065030E /* AppDelegate.swift in Sources */ = {isa = PBXBuildFile; fileRef = 8D21C60B2B65D2B20065030E /* AppDelegate.swift */; };
		8D21C60E2B65D2B20065030E /* SceneDelegate.swift in Sources */ = {isa = PBXBuildFile; fileRef = 8D21C60D2B65D2B20065030E /* SceneDelegate.swift */; };
		8D21C6102B65D2B20065030E /* ViewController.swift in Sources */ = {isa = PBXBuildFile; fileRef = 8D21C60F2B65D2B20065030E /* ViewController.swift */; };
		8D21C6132B65D2B20065030E /* Main.storyboard in Resources */ = {isa = PBXBuildFile; fileRef = 8D21C6112B65D2B20065030E /* Main.storyboard */; };
		8D21C6152B65D2B50065030E /* Assets.xcassets in Resources */ = {isa = PBXBuildFile; fileRef = 8D21C6142B65D2B50065030E /* Assets.xcassets */; };
		8D21C6182B65D2B50065030E /* LaunchScreen.storyboard in Resources */ = {isa = PBXBuildFile; fileRef = 8D21C6162B65D2B50065030E /* LaunchScreen.storyboard */; };
		8D21C6232B65D2B60065030E /* BitLiroTests.swift in Sources */ = {isa = PBXBuildFile; fileRef = 8D21C6222B65D2B60065030E /* BitLiroTests.swift */; };
		8D21C62D2B65D2B60065030E /* BitLiroUITests.swift in Sources */ = {isa = PBXBuildFile; fileRef = 8D21C62C2B65D2B60065030E /* BitLiroUITests.swift */; };
		8D21C62F2B65D2B60065030E /* BitLiroUITestsLaunchTests.swift in Sources */ = {isa = PBXBuildFile; fileRef = 8D21C62E2B65D2B60065030E /* BitLiroUITestsLaunchTests.swift */; };
/* End PBXBuildFile section */

/* Begin PBXContainerItemProxy section */
		8D21C61F2B65D2B60065030E /* PBXContainerItemProxy */ = {
			isa = PBXContainerItemProxy;
			containerPortal = 8D21C6002B65D2B20065030E /* Project object */;
			proxyType = 1;
			remoteGlobalIDString = 8D21C6072B65D2B20065030E;
			remoteInfo = BitLiro;
		};
		8D21C6292B65D2B60065030E /* PBXContainerItemProxy */ = {
			isa = PBXContainerItemProxy;
			containerPortal = 8D21C6002B65D2B20065030E /* Project object */;
			proxyType = 1;
			remoteGlobalIDString = 8D21C6072B65D2B20065030E;
			remoteInfo = BitLiro;
		};
/* End PBXContainerItemProxy section */

/* Begin PBXFileReference section */
		8D21C6082B65D2B20065030E /* BitLiro.app */ = {isa = PBXFileReference; explicitFileType = wrapper.application; includeInIndex = 0; path = BitLiro.app; sourceTree = BUILT_PRODUCTS_DIR; };
		8D21C60B2B65D2B20065030E /* AppDelegate.swift */ = {isa = PBXFileReference; lastKnownFileType = sourcecode.swift; path = AppDelegate.swift; sourceTree = "<group>"; };
		8D21C60D2B65D2B20065030E /* SceneDelegate.swift */ = {isa = PBXFileReference; lastKnownFileType = sourcecode.swift; path = SceneDelegate.swift; sourceTree = "<group>"; };
		8D21C60F2B65D2B20065030E /* ViewController.swift */ = {isa = PBXFileReference; lastKnownFileType = sourcecode.swift; path = ViewController.swift; sourceTree = "<group>"; };
		8D21C6122B65D2B20065030E /* Base */ = {isa = PBXFileReference; lastKnownFileType = file.storyboard; name = Base; path = Base.lproj/Main.storyboard; sourceTree = "<group>"; };
		8D21C6142B65D2B50065030E /* Assets.xcassets */ = {isa = PBXFileReference; lastKnownFileType = folder.assetcatalog; path = Assets.xcassets; sourceTree = "<group>"; };
		8D21C6172B65D2B50065030E /* Base */ = {isa = PBXFileReference; lastKnownFileType = file.storyboard; name = Base; path = Base.lproj/LaunchScreen.storyboard; sourceTree = "<group>"; };
		8D21C6192B65D2B50065030E /* Info.plist */ = {isa = PBXFileReference; lastKnownFileType = text.plist.xml; path = Info.plist; sourceTree = "<group>"; };
		8D21C61E2B65D2B60065030E /* BitLiroTests.xctest */ = {isa = PBXFileReference; explicitFileType = wrapper.cfbundle; includeInIndex = 0; path = BitLiroTests.xctest; sourceTree = BUILT_PRODUCTS_DIR; };
		8D21C6222B65D2B60065030E /* BitLiroTests.swift */ = {isa = PBXFileReference; lastKnownFileType = sourcecode.swift; path = BitLiroTests.swift; sourceTree = "<group>"; };
		8D21C6282B65D2B60065030E /* BitLiroUITests.xctest */ = {isa = PBXFileReference; explicitFileType = wrapper.cfbundle; includeInIndex = 0; path = BitLiroUITests.xctest; sourceTree = BUILT_PRODUCTS_DIR; };
		8D21C62C2B65D2B60065030E /* BitLiroUITests.swift */ = {isa = PBXFileReference; lastKnownFileType = sourcecode.swift; path = BitLiroUITests.swift; sourceTree = "<group>"; };
		8D21C62E2B65D2B60065030E /* BitLiroUITestsLaunchTests.swift */ = {isa = PBXFileReference; lastKnownFileType = sourcecode.swift; path = BitLiroUITestsLaunchTests.swift; sourceTree = "<group>"; };
/* End PBXFileReference section */

/* Begin PBXFrameworksBuildPhase section */
		8D21C6052B65D2B20065030E /* Frameworks */ = {
			isa = PBXFrameworksBuildPhase;
			buildActionMask = 2147483647;
			files = (
			);
			runOnlyForDeploymentPostprocessing = 0;
		};
		8D21C61B2B65D2B60065030E /* Frameworks */ = {
			isa = PBXFrameworksBuildPhase;
			buildActionMask = 2147483647;
			files = (
			);
			runOnlyForDeploymentPostprocessing = 0;
		};
		8D21C6252B65D2B60065030E /* Frameworks */ = {
			isa = PBXFrameworksBuildPhase;
			buildActionMask = 2147483647;
			files = (
			);
			runOnlyForDeploymentPostprocessing = 0;
		};
/* End PBXFrameworksBuildPhase section */

/* Begin PBXGroup section */
		8D21C5FF2B65D2B20065030E = {
			isa = PBXGroup;
			children = (
				8D21C60A2B65D2B20065030E /* BitLiro */,
				8D21C6212B65D2B60065030E /* BitLiroTests */,
				8D21C62B2B65D2B60065030E /* BitLiroUITests */,
				8D21C6092B65D2B20065030E /* Products */,
			);
			sourceTree = "<group>";
		};
		8D21C6092B65D2B20065030E /* Products */ = {
			isa = PBXGroup;
			children = (
				8D21C6082B65D2B20065030E /* BitLiro.app */,
				8D21C61E2B65D2B60065030E /* BitLiroTests.xctest */,
				8D21C6282B65D2B60065030E /* BitLiroUITests.xctest */,
			);
			name = Products;
			sourceTree = "<group>";
		};
		8D21C60A2B65D2B20065030E /* BitLiro */ = {
			isa = PBXGroup;
			children = (
				8D21C60B2B65D2B20065030E /* AppDelegate.swift */,
				8D21C60D2B65D2B20065030E /* SceneDelegate.swift */,
				8D21C60F2B65D2B20065030E /* ViewController.swift */,
				8D21C6112B65D2B20065030E /* Main.storyboard */,
				8D21C6142B65D2B50065030E /* Assets.xcassets */,
				8D21C6162B65D2B50065030E /* LaunchScreen.storyboard */,
				8D21C6192B65D2B50065030E /* Info.plist */,
			);
			path = BitLiro;
			sourceTree = "<group>";
		};
		8D21C6212B65D2B60065030E /* BitLiroTests */ = {
			isa = PBXGroup;
			children = (
				8D21C6222B65D2B60065030E /* BitLiroTests.swift */,
			);
			path = BitLiroTests;
			sourceTree = "<group>";
		};
		8D21C62B2B65D2B60065030E /* BitLiroUITests */ = {
			isa = PBXGroup;
			children = (
				8D21C62C2B65D2B60065030E /* BitLiroUITests.swift */,
				8D21C62E2B65D2B60065030E /* BitLiroUITestsLaunchTests.swift */,
			);
			path = BitLiroUITests;
			sourceTree = "<group>";
		};
/* End PBXGroup section */

/* Begin PBXNativeTarget section */
		8D21C6072B65D2B20065030E /* BitLiro */ = {
			isa = PBXNativeTarget;
			buildConfigurationList = 8D21C6322B65D2B60065030E /* Build configuration list for PBXNativeTarget "BitLiro" */;
			buildPhases = (
				8D21C6042B65D2B20065030E /* Sources */,
				8D21C6052B65D2B20065030E /* Frameworks */,
				8D21C6062B65D2B20065030E /* Resources */,
			);
			buildRules = (
			);
			dependencies = (
			);
			name = BitLiro;
			productName = BitLiro;
			productReference = 8D21C6082B65D2B20065030E /* BitLiro.app */;
			productType = "com.apple.product-type.application";
		};
		8D21C61D2B65D2B60065030E /* BitLiroTests */ = {
			isa = PBXNativeTarget;
			buildConfigurationList = 8D21C6352B65D2B60065030E /* Build configuration list for PBXNativeTarget "BitLiroTests" */;
			buildPhases = (
				8D21C61A2B65D2B60065030E /* Sources */,
				8D21C61B2B65D2B60065030E /* Frameworks */,
				8D21C61C2B65D2B60065030E /* Resources */,
			);
			buildRules = (
			);
			dependencies = (
				8D21C6202B65D2B60065030E /* PBXTargetDependency */,
			);
			name = BitLiroTests;
			productName = BitLiroTests;
			productReference = 8D21C61E2B65D2B60065030E /* BitLiroTests.xctest */;
			productType = "com.apple.product-type.bundle.unit-test";
		};
		8D21C6272B65D2B60065030E /* BitLiroUITests */ = {
			isa = PBXNativeTarget;
			buildConfigurationList = 8D21C6382B65D2B60065030E /* Build configuration list for PBXNativeTarget "BitLiroUITests" */;
			buildPhases = (
				8D21C6242B65D2B60065030E /* Sources */,
				8D21C6252B65D2B60065030E /* Frameworks */,
				8D21C6262B65D2B60065030E /* Resources */,
			);
			buildRules = (
			);
			dependencies = (
				8D21C62A2B65D2B60065030E /* PBXTargetDependency */,
			);
			name = BitLiroUITests;
			productName = BitLiroUITests;
			productReference = 8D21C6282B65D2B60065030E /* BitLiroUITests.xctest */;
			productType = "com.apple.product-type.bundle.ui-testing";
		};
/* End PBXNativeTarget section */

/* Begin PBXProject section */
		8D21C6002B65D2B20065030E /* Project object */ = {
			isa = PBXProject;
			attributes = {
				BuildIndependentTargetsInParallel = 1;
				LastSwiftUpdateCheck = 1520;
				LastUpgradeCheck = 1520;
				TargetAttributes = {
					8D21C6072B65D2B20065030E = {
						CreatedOnToolsVersion = 15.2;
					};
					8D21C61D2B65D2B60065030E = {
						CreatedOnToolsVersion = 15.2;
						TestTargetID = 8D21C6072B65D2B20065030E;
					};
					8D21C6272B65D2B60065030E = {
						CreatedOnToolsVersion = 15.2;
						TestTargetID = 8D21C6072B65D2B20065030E;
					};
				};
			};
			buildConfigurationList = 8D21C6032B65D2B20065030E /* Build configuration list for PBXProject "BitLiro" */;
			compatibilityVersion = "Xcode 14.0";
			developmentRegion = en;
			hasScannedForEncodings = 0;
			knownRegions = (
				en,
				Base,
			);
			mainGroup = 8D21C5FF2B65D2B20065030E;
			productRefGroup = 8D21C6092B65D2B20065030E /* Products */;
			projectDirPath = "";
			projectRoot = "";
			targets = (
				8D21C6072B65D2B20065030E /* BitLiro */,
				8D21C61D2B65D2B60065030E /* BitLiroTests */,
				8D21C6272B65D2B60065030E /* BitLiroUITests */,
			);
		};
/* End PBXProject section */

/* Begin PBXResourcesBuildPhase section */
		8D21C6062B65D2B20065030E /* Resources */ = {
			isa = PBXResourcesBuildPhase;
			buildActionMask = 2147483647;
			files = (
				8D21C6182B65D2B50065030E /* LaunchScreen.storyboard in Resources */,
				8D21C6152B65D2B50065030E /* Assets.xcassets in Resources */,
				8D21C6132B65D2B20065030E /* Main.storyboard in Resources */,
			);
			runOnlyForDeploymentPostprocessing = 0;
		};
		8D21C61C2B65D2B60065030E /* Resources */ = {
			isa = PBXResourcesBuildPhase;
			buildActionMask = 2147483647;
			files = (
			);
			runOnlyForDeploymentPostprocessing = 0;
		};
		8D21C6262B65D2B60065030E /* Resources */ = {
			isa = PBXResourcesBuildPhase;
			buildActionMask = 2147483647;
			files = (
			);
			runOnlyForDeploymentPostprocessing = 0;
		};
/* End PBXResourcesBuildPhase section */

/* Begin PBXSourcesBuildPhase section */
		8D21C6042B65D2B20065030E /* Sources */ = {
			isa = PBXSourcesBuildPhase;
			buildActionMask = 2147483647;
			files = (
				8D21C6102B65D2B20065030E /* ViewController.swift in Sources */,
				8D21C60C2B65D2B20065030E /* AppDelegate.swift in Sources */,
				8D21C60E2B65D2B20065030E /* SceneDelegate.swift in Sources */,
			);
			runOnlyForDeploymentPostprocessing = 0;
		};
		8D21C61A2B65D2B60065030E /* Sources */ = {
			isa = PBXSourcesBuildPhase;
			buildActionMask = 2147483647;
			files = (
				8D21C6232B65D2B60065030E /* BitLiroTests.swift in Sources */,
			);
			runOnlyForDeploymentPostprocessing = 0;
		};
		8D21C6242B65D2B60065030E /* Sources */ = {
			isa = PBXSourcesBuildPhase;
			buildActionMask = 2147483647;
			files = (
				8D21C62F2B65D2B60065030E /* BitLiroUITestsLaunchTests.swift in Sources */,
				8D21C62D2B65D2B60065030E /* BitLiroUITests.swift in Sources */,
			);
			runOnlyForDeploymentPostprocessing = 0;
		};
/* End PBXSourcesBuildPhase section */

/* Begin PBXTargetDependency section */
		8D21C6202B65D2B60065030E /* PBXTargetDependency */ = {
			isa = PBXTargetDependency;
			target = 8D21C6072B65D2B20065030E /* BitLiro */;
			targetProxy = 8D21C61F2B65D2B60065030E /* PBXContainerItemProxy */;
		};
		8D21C62A2B65D2B60065030E /* PBXTargetDependency */ = {
			isa = PBXTargetDependency;
			target = 8D21C6072B65D2B20065030E /* BitLiro */;
			targetProxy = 8D21C6292B65D2B60065030E /* PBXContainerItemProxy */;
		};
/* End PBXTargetDependency section */

/* Begin PBXVariantGroup section */
		8D21C6112B65D2B20065030E /* Main.storyboard */ = {
			isa = PBXVariantGroup;
			children = (
				8D21C6122B65D2B20065030E /* Base */,
			);
			name = Main.storyboard;
			sourceTree = "<group>";
		};
		8D21C6162B65D2B50065030E /* LaunchScreen.storyboard */ = {
			isa = PBXVariantGroup;
			children = (
				8D21C6172B65D2B50065030E /* Base */,
			);
			name = LaunchScreen.storyboard;
			sourceTree = "<group>";
		};
/* End PBXVariantGroup section */

/* Begin XCBuildConfiguration section */
		8D21C6302B65D2B60065030E /* Debug */ = {
			isa = XCBuildConfiguration;
			buildSettings = {
				ALWAYS_SEARCH_USER_PATHS = NO;
				ASSETCATALOG_COMPILER_GENERATE_SWIFT_ASSET_SYMBOL_EXTENSIONS = YES;
				CLANG_ANALYZER_NONNULL = YES;
				CLANG_ANALYZER_NUMBER_OBJECT_CONVERSION = YES_AGGRESSIVE;
				CLANG_CXX_LANGUAGE_STANDARD = "gnu++20";
				CLANG_ENABLE_MODULES = YES;
				CLANG_ENABLE_OBJC_ARC = YES;
				CLANG_ENABLE_OBJC_WEAK = YES;
				CLANG_WARN_BLOCK_CAPTURE_AUTORELEASING = YES;
				CLANG_WARN_BOOL_CONVERSION = YES;
				CLANG_WARN_COMMA = YES;
				CLANG_WARN_CONSTANT_CONVERSION = YES;
				CLANG_WARN_DEPRECATED_OBJC_IMPLEMENTATIONS = YES;
				CLANG_WARN_DIRECT_OBJC_ISA_USAGE = YES_ERROR;
				CLANG_WARN_DOCUMENTATION_COMMENTS = YES;
				CLANG_WARN_EMPTY_BODY = YES;
				CLANG_WARN_ENUM_CONVERSION = YES;
				CLANG_WARN_INFINITE_RECURSION = YES;
				CLANG_WARN_INT_CONVERSION = YES;
				CLANG_WARN_NON_LITERAL_NULL_CONVERSION = YES;
				CLANG_WARN_OBJC_IMPLICIT_RETAIN_SELF = YES;
				CLANG_WARN_OBJC_LITERAL_CONVERSION = YES;
				CLANG_WARN_OBJC_ROOT_CLASS = YES_ERROR;
				CLANG_WARN_QUOTED_INCLUDE_IN_FRAMEWORK_HEADER = YES;
				CLANG_WARN_RANGE_LOOP_ANALYSIS = YES;
				CLANG_WARN_STRICT_PROTOTYPES = YES;
				CLANG_WARN_SUSPICIOUS_MOVE = YES;
				CLANG_WARN_UNGUARDED_AVAILABILITY = YES_AGGRESSIVE;
				CLANG_WARN_UNREACHABLE_CODE = YES;
				CLANG_WARN__DUPLICATE_METHOD_MATCH = YES;
				COPY_PHASE_STRIP = NO;
				DEBUG_INFORMATION_FORMAT = dwarf;
				ENABLE_STRICT_OBJC_MSGSEND = YES;
				ENABLE_TESTABILITY = YES;
				ENABLE_USER_SCRIPT_SANDBOXING = YES;
				GCC_C_LANGUAGE_STANDARD = gnu17;
				GCC_DYNAMIC_NO_PIC = NO;
				GCC_NO_COMMON_BLOCKS = YES;
				GCC_OPTIMIZATION_LEVEL = 0;
				GCC_PREPROCESSOR_DEFINITIONS = (
					"DEBUG=1",
					"$(inherited)",
				);
				GCC_WARN_64_TO_32_BIT_CONVERSION = YES;
				GCC_WARN_ABOUT_RETURN_TYPE = YES_ERROR;
				GCC_WARN_UNDECLARED_SELECTOR = YES;
				GCC_WARN_UNINITIALIZED_AUTOS = YES_AGGRESSIVE;
				GCC_WARN_UNUSED_FUNCTION = YES;
				GCC_WARN_UNUSED_VARIABLE = YES;
				IPHONEOS_DEPLOYMENT_TARGET = 17.2;
				LOCALIZATION_PREFERS_STRING_CATALOGS = YES;
				MTL_ENABLE_DEBUG_INFO = INCLUDE_SOURCE;
				MTL_FAST_MATH = YES;
				ONLY_ACTIVE_ARCH = YES;
				SDKROOT = iphoneos;
				SWIFT_ACTIVE_COMPILATION_CONDITIONS = "DEBUG $(inherited)";
				SWIFT_OPTIMIZATION_LEVEL = "-Onone";
			};
			name = Debug;
		};
		8D21C6312B65D2B60065030E /* Release */ = {
			isa = XCBuildConfiguration;
			buildSettings = {
				ALWAYS_SEARCH_USER_PATHS = NO;
				ASSETCATALOG_COMPILER_GENERATE_SWIFT_ASSET_SYMBOL_EXTENSIONS = YES;
				CLANG_ANALYZER_NONNULL = YES;
				CLANG_ANALYZER_NUMBER_OBJECT_CONVERSION = YES_AGGRESSIVE;
				CLANG_CXX_LANGUAGE_STANDARD = "gnu++20";
				CLANG_ENABLE_MODULES = YES;
				CLANG_ENABLE_OBJC_ARC = YES;
				CLANG_ENABLE_OBJC_WEAK = YES;
				CLANG_WARN_BLOCK_CAPTURE_AUTORELEASING = YES;
				CLANG_WARN_BOOL_CONVERSION = YES;
				CLANG_WARN_COMMA = YES;
				CLANG_WARN_CONSTANT_CONVERSION = YES;
				CLANG_WARN_DEPRECATED_OBJC_IMPLEMENTATIONS = YES;
				CLANG_WARN_DIRECT_OBJC_ISA_USAGE = YES_ERROR;
				CLANG_WARN_DOCUMENTATION_COMMENTS = YES;
				CLANG_WARN_EMPTY_BODY = YES;
				CLANG_WARN_ENUM_CONVERSION = YES;
				CLANG_WARN_INFINITE_RECURSION = YES;
				CLANG_WARN_INT_CONVERSION = YES;
				CLANG_WARN_NON_LITERAL_NULL_CONVERSION = YES;
				CLANG_WARN_OBJC_IMPLICIT_RETAIN_SELF = YES;
				CLANG_WARN_OBJC_LITERAL_CONVERSION = YES;
				CLANG_WARN_OBJC_ROOT_CLASS = YES_ERROR;
				CLANG_WARN_QUOTED_INCLUDE_IN_FRAMEWORK_HEADER = YES;
				CLANG_WARN_RANGE_LOOP_ANALYSIS = YES;
				CLANG_WARN_STRICT_PROTOTYPES = YES;
				CLANG_WARN_SUSPICIOUS_MOVE = YES;
				CLANG_WARN_UNGUARDED_AVAILABILITY = YES_AGGRESSIVE;
				CLANG_WARN_UNREACHABLE_CODE = YES;
				CLANG_WARN__DUPLICATE_METHOD_MATCH = YES;
				COPY_PHASE_STRIP = NO;
				DEBUG_INFORMATION_FORMAT = "dwarf-with-dsym";
				ENABLE_NS_ASSERTIONS = NO;
				ENABLE_STRICT_OBJC_MSGSEND = YES;
				ENABLE_USER_SCRIPT_SANDBOXING = YES;
				GCC_C_LANGUAGE_STANDARD = gnu17;
				GCC_NO_COMMON_BLOCKS = YES;
				GCC_WARN_64_TO_32_BIT_CONVERSION = YES;
				GCC_WARN_ABOUT_RETURN_TYPE = YES_ERROR;
				GCC_WARN_UNDECLARED_SELECTOR = YES;
				GCC_WARN_UNINITIALIZED_AUTOS = YES_AGGRESSIVE;
				GCC_WARN_UNUSED_FUNCTION = YES;
				GCC_WARN_UNUSED_VARIABLE = YES;
				IPHONEOS_DEPLOYMENT_TARGET = 17.2;
				LOCALIZATION_PREFERS_STRING_CATALOGS = YES;
				MTL_ENABLE_DEBUG_INFO = NO;
				MTL_FAST_MATH = YES;
				SDKROOT = iphoneos;
				SWIFT_COMPILATION_MODE = wholemodule;
				VALIDATE_PRODUCT = YES;
			};
			name = Release;
		};
		8D21C6332B65D2B60065030E /* Debug */ = {
			isa = XCBuildConfiguration;
			buildSettings = {
				ASSETCATALOG_COMPILER_APPICON_NAME = AppIcon;
				ASSETCATALOG_COMPILER_GLOBAL_ACCENT_COLOR_NAME = AccentColor;
				CODE_SIGN_STYLE = Automatic;
				CURRENT_PROJECT_VERSION = 1;
				DEVELOPMENT_TEAM = M5JX3UJK7Q;
				GENERATE_INFOPLIST_FILE = YES;
				INFOPLIST_FILE = BitLiro/Info.plist;
				INFOPLIST_KEY_UIApplicationSupportsIndirectInputEvents = YES;
				INFOPLIST_KEY_UILaunchStoryboardName = LaunchScreen;
				INFOPLIST_KEY_UIMainStoryboardFile = Main;
				INFOPLIST_KEY_UISupportedInterfaceOrientations_iPad = "UIInterfaceOrientationPortrait UIInterfaceOrientationPortraitUpsideDown UIInterfaceOrientationLandscapeLeft UIInterfaceOrientationLandscapeRight";
				INFOPLIST_KEY_UISupportedInterfaceOrientations_iPhone = "UIInterfaceOrientationPortrait UIInterfaceOrientationLandscapeLeft UIInterfaceOrientationLandscapeRight";
				LD_RUNPATH_SEARCH_PATHS = (
					"$(inherited)",
					"@executable_path/Frameworks",
				);
				MARKETING_VERSION = 1.0;
				PRODUCT_BUNDLE_IDENTIFIER = com.marcos.BitLiro;
				PRODUCT_NAME = "$(TARGET_NAME)";
				SWIFT_EMIT_LOC_STRINGS = YES;
				SWIFT_VERSION = 5.0;
				TARGETED_DEVICE_FAMILY = "1,2";
			};
			name = Debug;
		};
		8D21C6342B65D2B60065030E /* Release */ = {
			isa = XCBuildConfiguration;
			buildSettings = {
				ASSETCATALOG_COMPILER_APPICON_NAME = AppIcon;
				ASSETCATALOG_COMPILER_GLOBAL_ACCENT_COLOR_NAME = AccentColor;
				CODE_SIGN_STYLE = Automatic;
				CURRENT_PROJECT_VERSION = 1;
				DEVELOPMENT_TEAM = M5JX3UJK7Q;
				GENERATE_INFOPLIST_FILE = YES;
				INFOPLIST_FILE = BitLiro/Info.plist;
				INFOPLIST_KEY_UIApplicationSupportsIndirectInputEvents = YES;
				INFOPLIST_KEY_UILaunchStoryboardName = LaunchScreen;
				INFOPLIST_KEY_UIMainStoryboardFile = Main;
				INFOPLIST_KEY_UISupportedInterfaceOrientations_iPad = "UIInterfaceOrientationPortrait UIInterfaceOrientationPortraitUpsideDown UIInterfaceOrientationLandscapeLeft UIInterfaceOrientationLandscapeRight";
				INFOPLIST_KEY_UISupportedInterfaceOrientations_iPhone = "UIInterfaceOrientationPortrait UIInterfaceOrientationLandscapeLeft UIInterfaceOrientationLandscapeRight";
				LD_RUNPATH_SEARCH_PATHS = (
					"$(inherited)",
					"@executable_path/Frameworks",
				);
				MARKETING_VERSION = 1.0;
				PRODUCT_BUNDLE_IDENTIFIER = com.marcos.BitLiro;
				PRODUCT_NAME = "$(TARGET_NAME)";
				SWIFT_EMIT_LOC_STRINGS = YES;
				SWIFT_VERSION = 5.0;
				TARGETED_DEVICE_FAMILY = "1,2";
			};
			name = Release;
		};
		8D21C6362B65D2B60065030E /* Debug */ = {
			isa = XCBuildConfiguration;
			buildSettings = {
				ALWAYS_EMBED_SWIFT_STANDARD_LIBRARIES = YES;
				BUNDLE_LOADER = "$(TEST_HOST)";
				CODE_SIGN_STYLE = Automatic;
				CURRENT_PROJECT_VERSION = 1;
				DEVELOPMENT_TEAM = M5JX3UJK7Q;
				GENERATE_INFOPLIST_FILE = YES;
				IPHONEOS_DEPLOYMENT_TARGET = 17.2;
				MARKETING_VERSION = 1.0;
				PRODUCT_BUNDLE_IDENTIFIER = com.marcos.BitLiroTests;
				PRODUCT_NAME = "$(TARGET_NAME)";
				SWIFT_EMIT_LOC_STRINGS = NO;
				SWIFT_VERSION = 5.0;
				TARGETED_DEVICE_FAMILY = "1,2";
				TEST_HOST = "$(BUILT_PRODUCTS_DIR)/BitLiro.app/$(BUNDLE_EXECUTABLE_FOLDER_PATH)/BitLiro";
			};
			name = Debug;
		};
		8D21C6372B65D2B60065030E /* Release */ = {
			isa = XCBuildConfiguration;
			buildSettings = {
				ALWAYS_EMBED_SWIFT_STANDARD_LIBRARIES = YES;
				BUNDLE_LOADER = "$(TEST_HOST)";
				CODE_SIGN_STYLE = Automatic;
				CURRENT_PROJECT_VERSION = 1;
				DEVELOPMENT_TEAM = M5JX3UJK7Q;
				GENERATE_INFOPLIST_FILE = YES;
				IPHONEOS_DEPLOYMENT_TARGET = 17.2;
				MARKETING_VERSION = 1.0;
				PRODUCT_BUNDLE_IDENTIFIER = com.marcos.BitLiroTests;
				PRODUCT_NAME = "$(TARGET_NAME)";
				SWIFT_EMIT_LOC_STRINGS = NO;
				SWIFT_VERSION = 5.0;
				TARGETED_DEVICE_FAMILY = "1,2";
				TEST_HOST = "$(BUILT_PRODUCTS_DIR)/BitLiro.app/$(BUNDLE_EXECUTABLE_FOLDER_PATH)/BitLiro";
			};
			name = Release;
		};
		8D21C6392B65D2B60065030E /* Debug */ = {
			isa = XCBuildConfiguration;
			buildSettings = {
				ALWAYS_EMBED_SWIFT_STANDARD_LIBRARIES = YES;
				CODE_SIGN_STYLE = Automatic;
				CURRENT_PROJECT_VERSION = 1;
				DEVELOPMENT_TEAM = M5JX3UJK7Q;
				GENERATE_INFOPLIST_FILE = YES;
				MARKETING_VERSION = 1.0;
				PRODUCT_BUNDLE_IDENTIFIER = com.marcos.BitLiroUITests;
				PRODUCT_NAME = "$(TARGET_NAME)";
				SWIFT_EMIT_LOC_STRINGS = NO;
				SWIFT_VERSION = 5.0;
				TARGETED_DEVICE_FAMILY = "1,2";
				TEST_TARGET_NAME = BitLiro;
			};
			name = Debug;
		};
		8D21C63A2B65D2B60065030E /* Release */ = {
			isa = XCBuildConfiguration;
			buildSettings = {
				ALWAYS_EMBED_SWIFT_STANDARD_LIBRARIES = YES;
				CODE_SIGN_STYLE = Automatic;
				CURRENT_PROJECT_VERSION = 1;
				DEVELOPMENT_TEAM = M5JX3UJK7Q;
				GENERATE_INFOPLIST_FILE = YES;
				MARKETING_VERSION = 1.0;
				PRODUCT_BUNDLE_IDENTIFIER = com.marcos.BitLiroUITests;
				PRODUCT_NAME = "$(TARGET_NAME)";
				SWIFT_EMIT_LOC_STRINGS = NO;
				SWIFT_VERSION = 5.0;
				TARGETED_DEVICE_FAMILY = "1,2";
				TEST_TARGET_NAME = BitLiro;
			};
			name = Release;
		};
/* End XCBuildConfiguration section */

/* Begin XCConfigurationList section */
		8D21C6032B65D2B20065030E /* Build configuration list for PBXProject "BitLiro" */ = {
			isa = XCConfigurationList;
			buildConfigurations = (
				8D21C6302B65D2B60065030E /* Debug */,
				8D21C6312B65D2B60065030E /* Release */,
			);
			defaultConfigurationIsVisible = 0;
			defaultConfigurationName = Release;
		};
		8D21C6322B65D2B60065030E /* Build configuration list for PBXNativeTarget "BitLiro" */ = {
			isa = XCConfigurationList;
			buildConfigurations = (
				8D21C6332B65D2B60065030E /* Debug */,
				8D21C6342B65D2B60065030E /* Release */,
			);
			defaultConfigurationIsVisible = 0;
			defaultConfigurationName = Release;
		};
		8D21C6352B65D2B60065030E /* Build configuration list for PBXNativeTarget "BitLiroTests" */ = {
			isa = XCConfigurationList;
			buildConfigurations = (
				8D21C6362B65D2B60065030E /* Debug */,
				8D21C6372B65D2B60065030E /* Release */,
			);
			defaultConfigurationIsVisible = 0;
			defaultConfigurationName = Release;
		};
		8D21C6382B65D2B60065030E /* Build configuration list for PBXNativeTarget "BitLiroUITests" */ = {
			isa = XCConfigurationList;
			buildConfigurations = (
				8D21C6392B65D2B60065030E /* Debug */,
				8D21C63A2B65D2B60065030E /* Release */,
			);
			defaultConfigurationIsVisible = 0;
			defaultConfigurationName = Release;
		};
/* End XCConfigurationList section */
	};
	rootObject = 8D21C6002B65D2B20065030E /* Project object */;
}
